
Microsoft Visual Studio Solution File, Format Version 11.00
# Visual Studio 2010
Project("{FAE04EC0-301F-11D3-BF4B-00C04F79EFBC}") = "Homework_git", "Homework_git.csproj", "{EA4CEC25-9001-4703-A123-C4BA1ED3D07E}"
EndProject
Global
	GlobalSection(SolutionConfigurationPlatforms) = preSolution
		Debug|x86 = Debug|x86
		Release|x86 = Release|x86
	EndGlobalSection
	GlobalSection(ProjectConfigurationPlatforms) = postSolution
		{EA4CEC25-9001-4703-A123-C4BA1ED3D07E}.Debug|x86.ActiveCfg = Debug|x86
		{EA4CEC25-9001-4703-A123-C4BA1ED3D07E}.Debug|x86.Build.0 = Debug|x86
		{EA4CEC25-9001-4703-A123-C4BA1ED3D07E}.Release|x86.ActiveCfg = Release|x86
		{EA4CEC25-9001-4703-A123-C4BA1ED3D07E}.Release|x86.Build.0 = Release|x86
	EndGlobalSection
	GlobalSection(SolutionProperties) = preSolution
		HideSolutionNode = FALSE
	EndGlobalSection
EndGlobal
